
Microsoft Visual Studio Solution File, Format Version 12.00
# Visual Studio 2013
VisualStudioVersion = 12.0.31101.0
MinimumVisualStudioVersion = 10.0.40219.1
Project("{FAE04EC0-301F-11D3-BF4B-00C04F79EFBC}") = "Autofac.Configuration", "src\Autofac.Configuration\Autofac.Configuration.csproj", "{6B3413BF-5951-400E-88EB-2DC0EABC58F2}"
EndProject
Project("{FAE04EC0-301F-11D3-BF4B-00C04F79EFBC}") = "Autofac.Tests.Configuration", "tests\Autofac.Tests.Configuration\Autofac.Tests.Configuration.csproj", "{E227BC7E-FCB6-4F4E-8281-9D5EDF7E6F78}"
EndProject
Global
	GlobalSection(SolutionConfigurationPlatforms) = preSolution
		Debug|Any CPU = Debug|Any CPU
		Release|Any CPU = Release|Any CPU
	EndGlobalSection
	GlobalSection(ProjectConfigurationPlatforms) = postSolution
		{6B3413BF-5951-400E-88EB-2DC0EABC58F2}.Debug|Any CPU.ActiveCfg = Debug|Any CPU
		{6B3413BF-5951-400E-88EB-2DC0EABC58F2}.Debug|Any CPU.Build.0 = Debug|Any CPU
		{6B3413BF-5951-400E-88EB-2DC0EABC58F2}.Release|Any CPU.ActiveCfg = Release|Any CPU
		{6B3413BF-5951-400E-88EB-2DC0EABC58F2}.Release|Any CPU.Build.0 = Release|Any CPU
		{E227BC7E-FCB6-4F4E-8281-9D5EDF7E6F78}.Debug|Any CPU.ActiveCfg = Debug|Any CPU
		{E227BC7E-FCB6-4F4E-8281-9D5EDF7E6F78}.Debug|Any CPU.Build.0 = Debug|Any CPU
		{E227BC7E-FCB6-4F4E-8281-9D5EDF7E6F78}.Release|Any CPU.ActiveCfg = Release|Any CPU
		{E227BC7E-FCB6-4F4E-8281-9D5EDF7E6F78}.Release|Any CPU.Build.0 = Release|Any CPU
	EndGlobalSection
	GlobalSection(SolutionProperties) = preSolution
		HideSolutionNode = FALSE
	EndGlobalSection
EndGlobal
